// !$*UTF8*$!
{
	archiveVersion = 1;
	classes = {
	};
	objectVersion = 55;
	objects = {

/* Begin PBXBuildFile section */
		6E0CA762288373B300350A78 /* Autographs.swift in Sources */ = {isa = PBXBuildFile; fileRef = 6E0CA761288373B300350A78 /* Autographs.swift */; };
		6E187DFD287CA5260009B3D7 /* AppDelegate.swift in Sources */ = {isa = PBXBuildFile; fileRef = 6E187DFC287CA5260009B3D7 /* AppDelegate.swift */; };
		6E187DFF287CA5260009B3D7 /* SceneDelegate.swift in Sources */ = {isa = PBXBuildFile; fileRef = 6E187DFE287CA5260009B3D7 /* SceneDelegate.swift */; };
		6E187E01287CA5260009B3D7 /* MainViewController.swift in Sources */ = {isa = PBXBuildFile; fileRef = 6E187E00287CA5260009B3D7 /* MainViewController.swift */; };
		6E187E06287CA5270009B3D7 /* Assets.xcassets in Resources */ = {isa = PBXBuildFile; fileRef = 6E187E05287CA5270009B3D7 /* Assets.xcassets */; };
		6E187E09287CA5270009B3D7 /* LaunchScreen.storyboard in Resources */ = {isa = PBXBuildFile; fileRef = 6E187E07287CA5270009B3D7 /* LaunchScreen.storyboard */; };
		6E31E97128CC1CEF00F0BC5C /* AutographTableViewCell.swift in Sources */ = {isa = PBXBuildFile; fileRef = 6E31E97028CC1CEF00F0BC5C /* AutographTableViewCell.swift */; };
		6E31E97328CC215D00F0BC5C /* AutographCollectionViewCell.swift in Sources */ = {isa = PBXBuildFile; fileRef = 6E31E97228CC215D00F0BC5C /* AutographCollectionViewCell.swift */; };
		6E3BF530288CFDE9003C8123 /* Signature.swift in Sources */ = {isa = PBXBuildFile; fileRef = 6E3BF52F288CFDE9003C8123 /* Signature.swift */; };
		6E402A2A2880B89C00C39483 /* WelcomeVC.swift in Sources */ = {isa = PBXBuildFile; fileRef = 6E402A292880B89C00C39483 /* WelcomeVC.swift */; };
		6E402A2D2880BA4B00C39483 /* WelcomeInstructionsView.swift in Sources */ = {isa = PBXBuildFile; fileRef = 6E402A2C2880BA4B00C39483 /* WelcomeInstructionsView.swift */; };
		6E402A302881D4BB00C39483 /* GalleryView.swift in Sources */ = {isa = PBXBuildFile; fileRef = 6E402A2F2881D4BB00C39483 /* GalleryView.swift */; };
		6E68056E288A395F00E8AC06 /* SignatureScreen.swift in Sources */ = {isa = PBXBuildFile; fileRef = 6E68056D288A395F00E8AC06 /* SignatureScreen.swift */; };
		6E80CA77288DEAFD002F0D15 /* AutographWithSignature+CoreDataClass.swift in Sources */ = {isa = PBXBuildFile; fileRef = 6E80CA75288DEAFD002F0D15 /* AutographWithSignature+CoreDataClass.swift */; };
		6E80CA78288DEAFD002F0D15 /* AutographWithSignature+CoreDataProperties.swift in Sources */ = {isa = PBXBuildFile; fileRef = 6E80CA76288DEAFD002F0D15 /* AutographWithSignature+CoreDataProperties.swift */; };
		6E80CA7B288E22FD002F0D15 /* CoreDataMethods.swift in Sources */ = {isa = PBXBuildFile; fileRef = 6E80CA7A288E22FC002F0D15 /* CoreDataMethods.swift */; };
		6ED3DF7F288DE9F1000A535F /* AutographApp.xcdatamodeld in Sources */ = {isa = PBXBuildFile; fileRef = 6ED3DF7D288DE9F1000A535F /* AutographApp.xcdatamodeld */; };
/* End PBXBuildFile section */

/* Begin PBXFileReference section */
		6E0CA761288373B300350A78 /* Autographs.swift */ = {isa = PBXFileReference; lastKnownFileType = sourcecode.swift; name = Autographs.swift; path = AutographApp/Views/Models/Autographs.swift; sourceTree = SOURCE_ROOT; };
		6E187DF9287CA5260009B3D7 /* AutographApp.app */ = {isa = PBXFileReference; explicitFileType = wrapper.application; includeInIndex = 0; path = AutographApp.app; sourceTree = BUILT_PRODUCTS_DIR; };
		6E187DFC287CA5260009B3D7 /* AppDelegate.swift */ = {isa = PBXFileReference; lastKnownFileType = sourcecode.swift; path = AppDelegate.swift; sourceTree = "<group>"; };
		6E187DFE287CA5260009B3D7 /* SceneDelegate.swift */ = {isa = PBXFileReference; lastKnownFileType = sourcecode.swift; path = SceneDelegate.swift; sourceTree = "<group>"; };
		6E187E00287CA5260009B3D7 /* MainViewController.swift */ = {isa = PBXFileReference; lastKnownFileType = sourcecode.swift; path = MainViewController.swift; sourceTree = "<group>"; };
		6E187E05287CA5270009B3D7 /* Assets.xcassets */ = {isa = PBXFileReference; lastKnownFileType = folder.assetcatalog; path = Assets.xcassets; sourceTree = "<group>"; };
		6E187E08287CA5270009B3D7 /* Base */ = {isa = PBXFileReference; lastKnownFileType = file.storyboard; name = Base; path = Base.lproj/LaunchScreen.storyboard; sourceTree = "<group>"; };
		6E187E0A287CA5270009B3D7 /* Info.plist */ = {isa = PBXFileReference; lastKnownFileType = text.plist.xml; path = Info.plist; sourceTree = "<group>"; };
		6E31E97028CC1CEF00F0BC5C /* AutographTableViewCell.swift */ = {isa = PBXFileReference; lastKnownFileType = sourcecode.swift; path = AutographTableViewCell.swift; sourceTree = "<group>"; };
		6E31E97228CC215D00F0BC5C /* AutographCollectionViewCell.swift */ = {isa = PBXFileReference; lastKnownFileType = sourcecode.swift; path = AutographCollectionViewCell.swift; sourceTree = "<group>"; };
		6E3BF52F288CFDE9003C8123 /* Signature.swift */ = {isa = PBXFileReference; lastKnownFileType = sourcecode.swift; path = Signature.swift; sourceTree = "<group>"; };
		6E402A292880B89C00C39483 /* WelcomeVC.swift */ = {isa = PBXFileReference; lastKnownFileType = sourcecode.swift; path = WelcomeVC.swift; sourceTree = "<group>"; };
		6E402A2C2880BA4B00C39483 /* WelcomeInstructionsView.swift */ = {isa = PBXFileReference; lastKnownFileType = sourcecode.swift; path = WelcomeInstructionsView.swift; sourceTree = "<group>"; };
		6E402A2F2881D4BB00C39483 /* GalleryView.swift */ = {isa = PBXFileReference; lastKnownFileType = sourcecode.swift; path = GalleryView.swift; sourceTree = "<group>"; };
		6E68056D288A395F00E8AC06 /* SignatureScreen.swift */ = {isa = PBXFileReference; lastKnownFileType = sourcecode.swift; path = SignatureScreen.swift; sourceTree = "<group>"; };
		6E80CA75288DEAFD002F0D15 /* AutographWithSignature+CoreDataClass.swift */ = {isa = PBXFileReference; lastKnownFileType = sourcecode.swift; path = "AutographWithSignature+CoreDataClass.swift"; sourceTree = "<group>"; };
		6E80CA76288DEAFD002F0D15 /* AutographWithSignature+CoreDataProperties.swift */ = {isa = PBXFileReference; lastKnownFileType = sourcecode.swift; path = "AutographWithSignature+CoreDataProperties.swift"; sourceTree = "<group>"; };
		6E80CA7A288E22FC002F0D15 /* CoreDataMethods.swift */ = {isa = PBXFileReference; lastKnownFileType = sourcecode.swift; path = CoreDataMethods.swift; sourceTree = "<group>"; };
		6ED3DF7E288DE9F1000A535F /* CoreDataExample.xcdatamodel */ = {isa = PBXFileReference; lastKnownFileType = wrapper.xcdatamodel; path = CoreDataExample.xcdatamodel; sourceTree = "<group>"; };
/* End PBXFileReference section */

/* Begin PBXFrameworksBuildPhase section */
		6E187DF6287CA5260009B3D7 /* Frameworks */ = {
			isa = PBXFrameworksBuildPhase;
			buildActionMask = 2147483647;
			files = (
			);
			runOnlyForDeploymentPostprocessing = 0;
		};
/* End PBXFrameworksBuildPhase section */

/* Begin PBXGroup section */
		6E187DF0287CA5260009B3D7 = {
			isa = PBXGroup;
			children = (
				6E187DFB287CA5260009B3D7 /* AutographApp */,
				6E187DFA287CA5260009B3D7 /* Products */,
			);
			sourceTree = "<group>";
		};
		6E187DFA287CA5260009B3D7 /* Products */ = {
			isa = PBXGroup;
			children = (
				6E187DF9287CA5260009B3D7 /* AutographApp.app */,
			);
			name = Products;
			sourceTree = "<group>";
		};
		6E187DFB287CA5260009B3D7 /* AutographApp */ = {
			isa = PBXGroup;
			children = (
				6E187DFC287CA5260009B3D7 /* AppDelegate.swift */,
				6E187DFE287CA5260009B3D7 /* SceneDelegate.swift */,
				6E402A282880B86D00C39483 /* Views */,
				6E80CA79288DECD2002F0D15 /* AutographCoreData */,
				6E187E05287CA5270009B3D7 /* Assets.xcassets */,
				6E187E07287CA5270009B3D7 /* LaunchScreen.storyboard */,
				6E187E0A287CA5270009B3D7 /* Info.plist */,
				6ED3DF7D288DE9F1000A535F /* AutographApp.xcdatamodeld */,
			);
			path = AutographApp;
			sourceTree = "<group>";
		};
		6E3BF52E288CFDD7003C8123 /* Models */ = {
			isa = PBXGroup;
			children = (
				6E0CA761288373B300350A78 /* Autographs.swift */,
				6E3BF52F288CFDE9003C8123 /* Signature.swift */,
			);
			path = Models;
			sourceTree = "<group>";
		};
		6E402A282880B86D00C39483 /* Views */ = {
			isa = PBXGroup;
			children = (
				6E68056C288A394300E8AC06 /* SignatureScreen */,
				6E402A2E2881BF0C00C39483 /* MainVC */,
				6E402A2B2880BA2F00C39483 /* WelcomeScreen */,
				6E3BF52E288CFDD7003C8123 /* Models */,
			);
			path = Views;
			sourceTree = "<group>";
		};
		6E402A2B2880BA2F00C39483 /* WelcomeScreen */ = {
			isa = PBXGroup;
			children = (
				6E402A292880B89C00C39483 /* WelcomeVC.swift */,
				6E402A2C2880BA4B00C39483 /* WelcomeInstructionsView.swift */,
			);
			path = WelcomeScreen;
			sourceTree = "<group>";
		};
		6E402A2E2881BF0C00C39483 /* MainVC */ = {
			isa = PBXGroup;
			children = (
				6E187E00287CA5260009B3D7 /* MainViewController.swift */,
				6E31E97028CC1CEF00F0BC5C /* AutographTableViewCell.swift */,
				6E402A2F2881D4BB00C39483 /* GalleryView.swift */,
				6E31E97228CC215D00F0BC5C /* AutographCollectionViewCell.swift */,
			);
			path = MainVC;
			sourceTree = "<group>";
		};
		6E68056C288A394300E8AC06 /* SignatureScreen */ = {
			isa = PBXGroup;
			children = (
				6E68056D288A395F00E8AC06 /* SignatureScreen.swift */,
			);
			path = SignatureScreen;
			sourceTree = "<group>";
		};
		6E80CA79288DECD2002F0D15 /* AutographCoreData */ = {
			isa = PBXGroup;
			children = (
				6E80CA75288DEAFD002F0D15 /* AutographWithSignature+CoreDataClass.swift */,
				6E80CA76288DEAFD002F0D15 /* AutographWithSignature+CoreDataProperties.swift */,
				6E80CA7A288E22FC002F0D15 /* CoreDataMethods.swift */,
			);
			name = AutographCoreData;
			path = ..;
			sourceTree = "<group>";
		};
/* End PBXGroup section */

/* Begin PBXNativeTarget section */
		6E187DF8287CA5260009B3D7 /* AutographApp */ = {
			isa = PBXNativeTarget;
			buildConfigurationList = 6E187E0D287CA5270009B3D7 /* Build configuration list for PBXNativeTarget "AutographApp" */;
			buildPhases = (
				6E187DF5287CA5260009B3D7 /* Sources */,
				6E187DF6287CA5260009B3D7 /* Frameworks */,
				6E187DF7287CA5260009B3D7 /* Resources */,
			);
			buildRules = (
			);
			dependencies = (
			);
			name = AutographApp;
			productName = AutographApp;
			productReference = 6E187DF9287CA5260009B3D7 /* AutographApp.app */;
			productType = "com.apple.product-type.application";
		};
/* End PBXNativeTarget section */

/* Begin PBXProject section */
		6E187DF1287CA5260009B3D7 /* Project object */ = {
			isa = PBXProject;
			attributes = {
				BuildIndependentTargetsInParallel = 1;
				LastSwiftUpdateCheck = 1330;
				LastUpgradeCheck = 1330;
				TargetAttributes = {
					6E187DF8287CA5260009B3D7 = {
						CreatedOnToolsVersion = 13.3.1;
					};
				};
			};
			buildConfigurationList = 6E187DF4287CA5260009B3D7 /* Build configuration list for PBXProject "AutographApp" */;
			compatibilityVersion = "Xcode 13.0";
			developmentRegion = en;
			hasScannedForEncodings = 0;
			knownRegions = (
				en,
				Base,
			);
			mainGroup = 6E187DF0287CA5260009B3D7;
			productRefGroup = 6E187DFA287CA5260009B3D7 /* Products */;
			projectDirPath = "";
			projectRoot = "";
			targets = (
				6E187DF8287CA5260009B3D7 /* AutographApp */,
			);
		};
/* End PBXProject section */

/* Begin PBXResourcesBuildPhase section */
		6E187DF7287CA5260009B3D7 /* Resources */ = {
			isa = PBXResourcesBuildPhase;
			buildActionMask = 2147483647;
			files = (
				6E187E09287CA5270009B3D7 /* LaunchScreen.storyboard in Resources */,
				6E187E06287CA5270009B3D7 /* Assets.xcassets in Resources */,
			);
			runOnlyForDeploymentPostprocessing = 0;
		};
/* End PBXResourcesBuildPhase section */

/* Begin PBXSourcesBuildPhase section */
		6E187DF5287CA5260009B3D7 /* Sources */ = {
			isa = PBXSourcesBuildPhase;
			buildActionMask = 2147483647;
			files = (
				6E187E01287CA5260009B3D7 /* MainViewController.swift in Sources */,
				6E402A302881D4BB00C39483 /* GalleryView.swift in Sources */,
				6E80CA78288DEAFD002F0D15 /* AutographWithSignature+CoreDataProperties.swift in Sources */,
				6E31E97328CC215D00F0BC5C /* AutographCollectionViewCell.swift in Sources */,
				6E68056E288A395F00E8AC06 /* SignatureScreen.swift in Sources */,
				6E3BF530288CFDE9003C8123 /* Signature.swift in Sources */,
				6E0CA762288373B300350A78 /* Autographs.swift in Sources */,
				6E187DFD287CA5260009B3D7 /* AppDelegate.swift in Sources */,
				6E187DFF287CA5260009B3D7 /* SceneDelegate.swift in Sources */,
				6ED3DF7F288DE9F1000A535F /* AutographApp.xcdatamodeld in Sources */,
				6E80CA77288DEAFD002F0D15 /* AutographWithSignature+CoreDataClass.swift in Sources */,
				6E402A2D2880BA4B00C39483 /* WelcomeInstructionsView.swift in Sources */,
				6E31E97128CC1CEF00F0BC5C /* AutographTableViewCell.swift in Sources */,
				6E402A2A2880B89C00C39483 /* WelcomeVC.swift in Sources */,
				6E80CA7B288E22FD002F0D15 /* CoreDataMethods.swift in Sources */,
			);
			runOnlyForDeploymentPostprocessing = 0;
		};
/* End PBXSourcesBuildPhase section */

/* Begin PBXVariantGroup section */
		6E187E07287CA5270009B3D7 /* LaunchScreen.storyboard */ = {
			isa = PBXVariantGroup;
			children = (
				6E187E08287CA5270009B3D7 /* Base */,
			);
			name = LaunchScreen.storyboard;
			sourceTree = "<group>";
		};
/* End PBXVariantGroup section */

/* Begin XCBuildConfiguration section */
		6E187E0B287CA5270009B3D7 /* Debug */ = {
			isa = XCBuildConfiguration;
			buildSettings = {
				ALWAYS_SEARCH_USER_PATHS = NO;
				CLANG_ANALYZER_NONNULL = YES;
				CLANG_ANALYZER_NUMBER_OBJECT_CONVERSION = YES_AGGRESSIVE;
				CLANG_CXX_LANGUAGE_STANDARD = "gnu++17";
				CLANG_ENABLE_MODULES = YES;
				CLANG_ENABLE_OBJC_ARC = YES;
				CLANG_ENABLE_OBJC_WEAK = YES;
				CLANG_WARN_BLOCK_CAPTURE_AUTORELEASING = YES;
				CLANG_WARN_BOOL_CONVERSION = YES;
				CLANG_WARN_COMMA = YES;
				CLANG_WARN_CONSTANT_CONVERSION = YES;
				CLANG_WARN_DEPRECATED_OBJC_IMPLEMENTATIONS = YES;
				CLANG_WARN_DIRECT_OBJC_ISA_USAGE = YES_ERROR;
				CLANG_WARN_DOCUMENTATION_COMMENTS = YES;
				CLANG_WARN_EMPTY_BODY = YES;
				CLANG_WARN_ENUM_CONVERSION = YES;
				CLANG_WARN_INFINITE_RECURSION = YES;
				CLANG_WARN_INT_CONVERSION = YES;
				CLANG_WARN_NON_LITERAL_NULL_CONVERSION = YES;
				CLANG_WARN_OBJC_IMPLICIT_RETAIN_SELF = YES;
				CLANG_WARN_OBJC_LITERAL_CONVERSION = YES;
				CLANG_WARN_OBJC_ROOT_CLASS = YES_ERROR;
				CLANG_WARN_QUOTED_INCLUDE_IN_FRAMEWORK_HEADER = YES;
				CLANG_WARN_RANGE_LOOP_ANALYSIS = YES;
				CLANG_WARN_STRICT_PROTOTYPES = YES;
				CLANG_WARN_SUSPICIOUS_MOVE = YES;
				CLANG_WARN_UNGUARDED_AVAILABILITY = YES_AGGRESSIVE;
				CLANG_WARN_UNREACHABLE_CODE = YES;
				CLANG_WARN__DUPLICATE_METHOD_MATCH = YES;
				COPY_PHASE_STRIP = NO;
				DEBUG_INFORMATION_FORMAT = dwarf;
				ENABLE_STRICT_OBJC_MSGSEND = YES;
				ENABLE_TESTABILITY = YES;
				GCC_C_LANGUAGE_STANDARD = gnu11;
				GCC_DYNAMIC_NO_PIC = NO;
				GCC_NO_COMMON_BLOCKS = YES;
				GCC_OPTIMIZATION_LEVEL = 0;
				GCC_PREPROCESSOR_DEFINITIONS = (
					"DEBUG=1",
					"$(inherited)",
				);
				GCC_WARN_64_TO_32_BIT_CONVERSION = YES;
				GCC_WARN_ABOUT_RETURN_TYPE = YES_ERROR;
				GCC_WARN_UNDECLARED_SELECTOR = YES;
				GCC_WARN_UNINITIALIZED_AUTOS = YES_AGGRESSIVE;
				GCC_WARN_UNUSED_FUNCTION = YES;
				GCC_WARN_UNUSED_VARIABLE = YES;
				IPHONEOS_DEPLOYMENT_TARGET = 15.4;
				MTL_ENABLE_DEBUG_INFO = INCLUDE_SOURCE;
				MTL_FAST_MATH = YES;
				ONLY_ACTIVE_ARCH = YES;
				SDKROOT = iphoneos;
				SWIFT_ACTIVE_COMPILATION_CONDITIONS = DEBUG;
				SWIFT_OPTIMIZATION_LEVEL = "-Onone";
			};
			name = Debug;
		};
		6E187E0C287CA5270009B3D7 /* Release */ = {
			isa = XCBuildConfiguration;
			buildSettings = {
				ALWAYS_SEARCH_USER_PATHS = NO;
				CLANG_ANALYZER_NONNULL = YES;
				CLANG_ANALYZER_NUMBER_OBJECT_CONVERSION = YES_AGGRESSIVE;
				CLANG_CXX_LANGUAGE_STANDARD = "gnu++17";
				CLANG_ENABLE_MODULES = YES;
				CLANG_ENABLE_OBJC_ARC = YES;
				CLANG_ENABLE_OBJC_WEAK = YES;
				CLANG_WARN_BLOCK_CAPTURE_AUTORELEASING = YES;
				CLANG_WARN_BOOL_CONVERSION = YES;
				CLANG_WARN_COMMA = YES;
				CLANG_WARN_CONSTANT_CONVERSION = YES;
				CLANG_WARN_DEPRECATED_OBJC_IMPLEMENTATIONS = YES;
				CLANG_WARN_DIRECT_OBJC_ISA_USAGE = YES_ERROR;
				CLANG_WARN_DOCUMENTATION_COMMENTS = YES;
				CLANG_WARN_EMPTY_BODY = YES;
				CLANG_WARN_ENUM_CONVERSION = YES;
				CLANG_WARN_INFINITE_RECURSION = YES;
				CLANG_WARN_INT_CONVERSION = YES;
				CLANG_WARN_NON_LITERAL_NULL_CONVERSION = YES;
				CLANG_WARN_OBJC_IMPLICIT_RETAIN_SELF = YES;
				CLANG_WARN_OBJC_LITERAL_CONVERSION = YES;
				CLANG_WARN_OBJC_ROOT_CLASS = YES_ERROR;
				CLANG_WARN_QUOTED_INCLUDE_IN_FRAMEWORK_HEADER = YES;
				CLANG_WARN_RANGE_LOOP_ANALYSIS = YES;
				CLANG_WARN_STRICT_PROTOTYPES = YES;
				CLANG_WARN_SUSPICIOUS_MOVE = YES;
				CLANG_WARN_UNGUARDED_AVAILABILITY = YES_AGGRESSIVE;
				CLANG_WARN_UNREACHABLE_CODE = YES;
				CLANG_WARN__DUPLICATE_METHOD_MATCH = YES;
				COPY_PHASE_STRIP = NO;
				DEBUG_INFORMATION_FORMAT = "dwarf-with-dsym";
				ENABLE_NS_ASSERTIONS = NO;
				ENABLE_STRICT_OBJC_MSGSEND = YES;
				GCC_C_LANGUAGE_STANDARD = gnu11;
				GCC_NO_COMMON_BLOCKS = YES;
				GCC_WARN_64_TO_32_BIT_CONVERSION = YES;
				GCC_WARN_ABOUT_RETURN_TYPE = YES_ERROR;
				GCC_WARN_UNDECLARED_SELECTOR = YES;
				GCC_WARN_UNINITIALIZED_AUTOS = YES_AGGRESSIVE;
				GCC_WARN_UNUSED_FUNCTION = YES;
				GCC_WARN_UNUSED_VARIABLE = YES;
				IPHONEOS_DEPLOYMENT_TARGET = 15.4;
				MTL_ENABLE_DEBUG_INFO = NO;
				MTL_FAST_MATH = YES;
				SDKROOT = iphoneos;
				SWIFT_COMPILATION_MODE = wholemodule;
				SWIFT_OPTIMIZATION_LEVEL = "-O";
				VALIDATE_PRODUCT = YES;
			};
			name = Release;
		};
		6E187E0E287CA5270009B3D7 /* Debug */ = {
			isa = XCBuildConfiguration;
			buildSettings = {
				ASSETCATALOG_COMPILER_APPICON_NAME = AppIcon;
				ASSETCATALOG_COMPILER_GLOBAL_ACCENT_COLOR_NAME = AccentColor;
				CODE_SIGN_STYLE = Automatic;
				CURRENT_PROJECT_VERSION = 1;
				DEVELOPMENT_TEAM = 64SV43AR2Z;
				GENERATE_INFOPLIST_FILE = YES;
				INFOPLIST_FILE = AutographApp/Info.plist;
				INFOPLIST_KEY_UIApplicationSupportsIndirectInputEvents = YES;
				INFOPLIST_KEY_UILaunchStoryboardName = LaunchScreen;
				INFOPLIST_KEY_UISupportedInterfaceOrientations = "UIInterfaceOrientationPortrait UIInterfaceOrientationPortraitUpsideDown UIInterfaceOrientationLandscapeLeft UIInterfaceOrientationLandscapeRight";
				INFOPLIST_KEY_UISupportedInterfaceOrientations_iPad = "UIInterfaceOrientationPortrait UIInterfaceOrientationPortraitUpsideDown UIInterfaceOrientationLandscapeLeft UIInterfaceOrientationLandscapeRight";
				INFOPLIST_KEY_UISupportedInterfaceOrientations_iPhone = "UIInterfaceOrientationPortrait UIInterfaceOrientationLandscapeLeft UIInterfaceOrientationLandscapeRight";
				IPHONEOS_DEPLOYMENT_TARGET = 15.0;
				LD_RUNPATH_SEARCH_PATHS = (
					"$(inherited)",
					"@executable_path/Frameworks",
				);
				MARKETING_VERSION = 1.0;
				PRODUCT_BUNDLE_IDENTIFIER = DChester.AutographApp;
				PRODUCT_NAME = "$(TARGET_NAME)";
				SWIFT_EMIT_LOC_STRINGS = YES;
				SWIFT_VERSION = 5.0;
				TARGETED_DEVICE_FAMILY = "1,2";
			};
			name = Debug;
		};
		6E187E0F287CA5270009B3D7 /* Release */ = {
			isa = XCBuildConfiguration;
			buildSettings = {
				ASSETCATALOG_COMPILER_APPICON_NAME = AppIcon;
				ASSETCATALOG_COMPILER_GLOBAL_ACCENT_COLOR_NAME = AccentColor;
				CODE_SIGN_STYLE = Automatic;
				CURRENT_PROJECT_VERSION = 1;
				DEVELOPMENT_TEAM = 64SV43AR2Z;
				GENERATE_INFOPLIST_FILE = YES;
				INFOPLIST_FILE = AutographApp/Info.plist;
				INFOPLIST_KEY_UIApplicationSupportsIndirectInputEvents = YES;
				INFOPLIST_KEY_UILaunchStoryboardName = LaunchScreen;
				INFOPLIST_KEY_UISupportedInterfaceOrientations = "UIInterfaceOrientationPortrait UIInterfaceOrientationPortraitUpsideDown UIInterfaceOrientationLandscapeLeft UIInterfaceOrientationLandscapeRight";
				INFOPLIST_KEY_UISupportedInterfaceOrientations_iPad = "UIInterfaceOrientationPortrait UIInterfaceOrientationPortraitUpsideDown UIInterfaceOrientationLandscapeLeft UIInterfaceOrientationLandscapeRight";
				INFOPLIST_KEY_UISupportedInterfaceOrientations_iPhone = "UIInterfaceOrientationPortrait UIInterfaceOrientationLandscapeLeft UIInterfaceOrientationLandscapeRight";
				IPHONEOS_DEPLOYMENT_TARGET = 15.0;
				LD_RUNPATH_SEARCH_PATHS = (
					"$(inherited)",
					"@executable_path/Frameworks",
				);
				MARKETING_VERSION = 1.0;
				PRODUCT_BUNDLE_IDENTIFIER = DChester.AutographApp;
				PRODUCT_NAME = "$(TARGET_NAME)";
				SWIFT_EMIT_LOC_STRINGS = YES;
				SWIFT_VERSION = 5.0;
				TARGETED_DEVICE_FAMILY = "1,2";
			};
			name = Release;
		};
/* End XCBuildConfiguration section */

/* Begin XCConfigurationList section */
		6E187DF4287CA5260009B3D7 /* Build configuration list for PBXProject "AutographApp" */ = {
			isa = XCConfigurationList;
			buildConfigurations = (
				6E187E0B287CA5270009B3D7 /* Debug */,
				6E187E0C287CA5270009B3D7 /* Release */,
			);
			defaultConfigurationIsVisible = 0;
			defaultConfigurationName = Release;
		};
		6E187E0D287CA5270009B3D7 /* Build configuration list for PBXNativeTarget "AutographApp" */ = {
			isa = XCConfigurationList;
			buildConfigurations = (
				6E187E0E287CA5270009B3D7 /* Debug */,
				6E187E0F287CA5270009B3D7 /* Release */,
			);
			defaultConfigurationIsVisible = 0;
			defaultConfigurationName = Release;
		};
/* End XCConfigurationList section */

/* Begin XCVersionGroup section */
		6ED3DF7D288DE9F1000A535F /* AutographApp.xcdatamodeld */ = {
			isa = XCVersionGroup;
			children = (
				6ED3DF7E288DE9F1000A535F /* CoreDataExample.xcdatamodel */,
			);
			currentVersion = 6ED3DF7E288DE9F1000A535F /* CoreDataExample.xcdatamodel */;
			path = AutographApp.xcdatamodeld;
			sourceTree = "<group>";
			versionGroupType = wrapper.xcdatamodel;
		};
/* End XCVersionGroup section */
	};
	rootObject = 6E187DF1287CA5260009B3D7 /* Project object */;
}
